
Microsoft Visual Studio Solution File, Format Version 12.00
# Visual Studio Version 17
VisualStudioVersion = 17.3.32825.248
MinimumVisualStudioVersion = 10.0.40219.1
Project("{FAE04EC0-301F-11D3-BF4B-00C04F79EFBC}") = "MyMovieAPI", "MyMovieAPI.csproj", "{7BEFAB1C-1031-4AAB-9FEB-3A2E257EBF48}"
EndProject
Global
	GlobalSection(SolutionConfigurationPlatforms) = preSolution
		Debug|Any CPU = Debug|Any CPU
		Release|Any CPU = Release|Any CPU
	EndGlobalSection
	GlobalSection(ProjectConfigurationPlatforms) = postSolution
		{7BEFAB1C-1031-4AAB-9FEB-3A2E257EBF48}.Debug|Any CPU.ActiveCfg = Debug|Any CPU
		{7BEFAB1C-1031-4AAB-9FEB-3A2E257EBF48}.Debug|Any CPU.Build.0 = Debug|Any CPU
		{7BEFAB1C-1031-4AAB-9FEB-3A2E257EBF48}.Release|Any CPU.ActiveCfg = Release|Any CPU
		{7BEFAB1C-1031-4AAB-9FEB-3A2E257EBF48}.Release|Any CPU.Build.0 = Release|Any CPU
	EndGlobalSection
	GlobalSection(SolutionProperties) = preSolution
		HideSolutionNode = FALSE
	EndGlobalSection
	GlobalSection(ExtensibilityGlobals) = postSolution
		SolutionGuid = {532B31D5-126C-4524-B26D-3F7F48E0776B}
	EndGlobalSection
EndGlobal
